<?xml version="1.0" encoding="UTF-8"?>
<!DOCTYPE plist PUBLIC "-//Apple//DTD PLIST 1.0//EN" "http://www.apple.com/DTDs/PropertyList-1.0.dtd">
<plist version="1.0">
<dict>
	<key>BuildNumber</key>
	<string>41720000</string>
	<key>BundleIdentifier</key>
	<string>com.barebones.bbedit</string>
	<key>HostIdentifier</key>
	<string>BD787B6A-859F-5605-816A-091999277DAA</string>
	<key>HostName</key>
	<string>Johns AirBook</string>
	<key>LockDate</key>
	<date>2022-07-13T17:26:57Z</date>
	<key>LockID</key>
	<string>C5C53FCC-640C-478D-A49B-DBC4BFAC5692</string>
	<key>MarketingVersion</key>
	<string>14.5</string>
	<key>NetworkVolume</key>
	<false/>
	<key>ProcessIdentifier</key>
	<integer>2472</integer>
	<key>UserName</key>
	<string>john</string>
	<key>Version</key>
	<integer>3</integer>
	<key>VolumeIdentifier</key>
	<string>C0659A50-1F8D-49BC-8F2B-A5CF03789D86</string>
</dict>
</plist>
